schema: '2.0'
stages:
  get_links:
    cmd: python3 download/get_links.py
    deps:
    - path: download/json/request.json
      hash: md5
      md5: 6ce81ce4714281c9b50f65058882adcc
      size: 237
    outs:
    - path: download/json/links.json
      hash: md5
      md5: fb5ec07f1662d9d80386e5cdb7a317f8
      size: 321847
  get_imgs:
    cmd: python3 download/get_imgs.py
    deps:
    - path: download/json/links.json
      hash: md5
      md5: fb5ec07f1662d9d80386e5cdb7a317f8
      size: 321847
    outs:
    - path: download/dataset/
      hash: md5
      md5: cb4ed23775f19bf943524ba6cfb339ae.dir
      size: 25065757
      nfiles: 3974
