schema: '2.0'
stages:
  get_links:
    cmd: python3 download/get_links.py
    deps:
    - path: download/json/request.json
      hash: md5
      md5: 72c4201108a9f1947b064061f3b88ae8
      size: 235
    outs:
    - path: download/json/links.json
      hash: md5
      md5: 14396c6047d41ffdf8ae14b7d9aea77f
      size: 4092
  get_imgs:
    cmd: python3 download/get_imgs.py
    deps:
    - path: download/json/links.json
      hash: md5
      md5: 14396c6047d41ffdf8ae14b7d9aea77f
      size: 4092
    outs:
    - path: download/dataset/
      hash: md5
      md5: 4b56db6f408614c30b83821d6e26ea70.dir
      size: 17938668
      nfiles: 50
